{
    "_readme": [
        "This file locks the dependencies of your project to a known state",
        "Read more about it at https://getcomposer.org/doc/01-basic-usage.md#installing-dependencies",
        "This file is @generated automatically"
    ],
    "content-hash": "0d962a92b5beb1831688d1bb383f25b5",
    "packages": [
        {
            "name": "clarifai/clarifai-php",
            "version": "0.7.0",
            "source": {
                "type": "git",
                "url": "https://github.com/Clarifai/clarifai-php.git",
                "reference": "07c8ddbd7e3a430e2f4c2daecd258e1f12fe4ab4"
            },
            "dist": {
                "type": "zip",
                "url": "https://api.github.com/repos/Clarifai/clarifai-php/zipball/07c8ddbd7e3a430e2f4c2daecd258e1f12fe4ab4",
                "reference": "07c8ddbd7e3a430e2f4c2daecd258e1f12fe4ab4",
                "shasum": ""
            },
            "require": {
                "google/protobuf": "^v3.6.0.1",
                "grpc/grpc": "^1.12.0",
                "php": ">=7.0.0"
            },
            "require-dev": {
                "phpunit/phpunit": ">=6"
            },
            "type": "library",
            "autoload": {
                "psr-4": {
                    "Clarifai\\": [
                        "src/protos/Clarifai",
                        "src/Clarifai"
                    ],
                    "GPBMetadata\\": [
                        "src/protos/GPBMetadata"
                    ]
                }
            },
            "notification-url": "https://packagist.org/downloads/",
            "license": [
                "Apache-2.0"
            ],
            "authors": [
                {
                    "name": "Clarifai",
                    "homepage": "https://github.com/Clarifai/clarifai-php"
                }
            ],
            "description": "Clarifai PHP Client",
            "homepage": "https://clarifai.com/",
            "keywords": [
                "api",
                "artificial intelligence",
                "clarifai",
                "image recognition",
                "video recognition"
            ],
            "support": {
                "issues": "https://github.com/Clarifai/clarifai-php/issues",
                "source": "https://github.com/Clarifai/clarifai-php/tree/0.7.0"
            },
            "time": "2020-02-16T19:54:33+00:00"
        },
        {
            "name": "clarifai/clarifai-php-grpc",
            "version": "11.11.0",
            "source": {
                "type": "git",
                "url": "https://github.com/Clarifai/clarifai-php-grpc.git",
                "reference": "0cbf626d807e67d8560582be448dcad0ae580851"
            },
            "dist": {
                "type": "zip",
                "url": "https://api.github.com/repos/Clarifai/clarifai-php-grpc/zipball/0cbf626d807e67d8560582be448dcad0ae580851",
                "reference": "0cbf626d807e67d8560582be448dcad0ae580851",
                "shasum": ""
            },
            "require": {
                "google/common-protos": "^1.2",
                "google/protobuf": ">=3.12.2",
                "grpc/grpc": ">=1.41.1"
            },
            "require-dev": {
                "phpunit/phpunit": "9.2.6"
            },
            "type": "library",
            "autoload": {
                "psr-4": {
                    "Clarifai\\": [
                        "src/Clarifai"
                    ],
                    "GPBMetadata\\": [
                        "src/GPBMetadata"
                    ]
                }
            },
            "notification-url": "https://packagist.org/downloads/",
            "license": [
                "Apache-2.0"
            ],
            "authors": [
                {
                    "name": "Clarifai",
                    "homepage": "https://github.com/Clarifai/clarifai-php-grpc"
                }
            ],
            "description": "Clarifai PHP gRPC client",
            "homepage": "https://clarifai.com/",
            "keywords": [
                "api",
                "artificial intelligence",
                "clarifai",
                "image recognition",
                "text recognition",
                "video recognition"
            ],
            "support": {
                "issues": "https://github.com/Clarifai/clarifai-php-grpc/issues",
                "source": "https://github.com/Clarifai/clarifai-php-grpc/tree/11.11.0"
            },
            "time": "2025-12-04T12:36:47+00:00"
        },
        {
            "name": "google/common-protos",
            "version": "1.4.0",
            "source": {
                "type": "git",
                "url": "https://github.com/googleapis/common-protos-php.git",
                "reference": "b1ee63636d94fe88f6cff600a0f23fae06b6fa2e"
            },
            "dist": {
                "type": "zip",
                "url": "https://api.github.com/repos/googleapis/common-protos-php/zipball/b1ee63636d94fe88f6cff600a0f23fae06b6fa2e",
                "reference": "b1ee63636d94fe88f6cff600a0f23fae06b6fa2e",
                "shasum": ""
            },
            "require": {
                "google/protobuf": "^3.6.1"
            },
            "require-dev": {
                "phpunit/phpunit": "^4.8.36",
                "sami/sami": "*"
            },
            "type": "library",
            "autoload": {
                "psr-4": {
                    "Google\\": "src",
                    "GPBMetadata\\Google\\": "metadata"
                }
            },
            "notification-url": "https://packagist.org/downloads/",
            "license": [
                "Apache-2.0"
            ],
            "description": "Google API Common Protos for PHP",
            "homepage": "https://github.com/googleapis/common-protos-php",
            "keywords": [
                "google"
            ],
            "support": {
                "issues": "https://github.com/googleapis/common-protos-php/issues",
                "source": "https://github.com/googleapis/common-protos-php/tree/1.4.0"
            },
            "time": "2021-11-18T21:49:24+00:00"
        },
        {
            "name": "google/protobuf",
            "version": "v3.25.8",
            "source": {
                "type": "git",
                "url": "https://github.com/protocolbuffers/protobuf-php.git",
                "reference": "57d440fc54a00fda5b8781e8d9bf0140ea6d8e52"
            },
            "dist": {
                "type": "zip",
                "url": "https://api.github.com/repos/protocolbuffers/protobuf-php/zipball/57d440fc54a00fda5b8781e8d9bf0140ea6d8e52",
                "reference": "57d440fc54a00fda5b8781e8d9bf0140ea6d8e52",
                "shasum": ""
            },
            "require": {
                "php": ">=7.0.0"
            },
            "require-dev": {
                "phpunit/phpunit": ">=5.0.0"
            },
            "suggest": {
                "ext-bcmath": "Need to support JSON deserialization"
            },
            "type": "library",
            "autoload": {
                "psr-4": {
                    "Google\\Protobuf\\": "src/Google/Protobuf",
                    "GPBMetadata\\Google\\Protobuf\\": "src/GPBMetadata/Google/Protobuf"
                }
            },
            "notification-url": "https://packagist.org/downloads/",
            "license": [
                "BSD-3-Clause"
            ],
            "description": "proto library for PHP",
            "homepage": "https://developers.google.com/protocol-buffers/",
            "keywords": [
                "proto"
            ],
            "support": {
                "source": "https://github.com/protocolbuffers/protobuf-php/tree/v3.25.8"
            },
            "time": "2025-05-27T21:04:40+00:00"
        },
        {
            "name": "grpc/grpc",
            "version": "1.74.0",
            "source": {
                "type": "git",
                "url": "https://github.com/grpc/grpc-php.git",
                "reference": "32bf4dba256d60d395582fb6e4e8d3936bcdb713"
            },
            "dist": {
                "type": "zip",
                "url": "https://api.github.com/repos/grpc/grpc-php/zipball/32bf4dba256d60d395582fb6e4e8d3936bcdb713",
                "reference": "32bf4dba256d60d395582fb6e4e8d3936bcdb713",
                "shasum": ""
            },
            "require": {
                "php": ">=7.0.0"
            },
            "require-dev": {
                "google/auth": "^v1.3.0"
            },
            "suggest": {
                "ext-protobuf": "For better performance, install the protobuf C extension.",
                "google/protobuf": "To get started using grpc quickly, install the native protobuf library."
            },
            "type": "library",
            "autoload": {
                "psr-4": {
                    "Grpc\\": "src/lib/"
                }
            },
            "notification-url": "https://packagist.org/downloads/",
            "license": [
                "Apache-2.0"
            ],
            "description": "gRPC library for PHP",
            "homepage": "https://grpc.io",
            "keywords": [
                "rpc"
            ],
            "support": {
                "source": "https://github.com/grpc/grpc-php/tree/v1.74.0"
            },
            "time": "2025-07-24T20:02:16+00:00"
        },
        {
            "name": "php-ai/php-ml",
            "version": "0.10.0",
            "source": {
                "type": "git",
                "url": "git@gitlab.com:php-ai/php-ml.git",
                "reference": "543f11158c57bf64ef8ddecd5bab51d396d39f50"
            },
            "dist": {
                "type": "zip",
                "url": "https://gitlab.com/api/v4/projects/php-ai%2Fphp-ml/repository/archive.zip?sha=543f11158c57bf64ef8ddecd5bab51d396d39f50",
                "reference": "543f11158c57bf64ef8ddecd5bab51d396d39f50",
                "shasum": ""
            },
            "require": {
                "php": "^8.0"
            },
            "require-dev": {
                "phpbench/phpbench": "^1.2",
                "phpstan/phpstan": "^0.12",
                "phpstan/phpstan-phpunit": "^0.12",
                "phpstan/phpstan-strict-rules": "^0.12",
                "phpunit/phpunit": "^8.0"
            },
            "type": "library",
            "autoload": {
                "psr-4": {
                    "Phpml\\": "src/"
                }
            },
            "notification-url": "https://packagist.org/downloads/",
            "license": [
                "MIT"
            ],
            "authors": [
                {
                    "name": "Arkadiusz Kondas",
                    "email": "arkadiusz.kondas@gmail.com"
                }
            ],
            "description": "PHP-ML - Machine Learning library for PHP",
            "homepage": "https://gitlab.com/php-ai/php-ml",
            "keywords": [
                "Neural network",
                "artificial intelligence",
                "computational learning theory",
                "data science",
                "feature extraction",
                "machine learning",
                "pattern recognition"
            ],
            "time": "2022-11-09T09:25:29+00:00"
        }
    ],
    "packages-dev": [],
    "aliases": [],
    "minimum-stability": "stable",
    "stability-flags": {},
    "prefer-stable": false,
    "prefer-lowest": false,
    "platform": {},
    "platform-dev": {},
    "plugin-api-version": "2.6.0"
}
